// !$*UTF8*$!
{
	archiveVersion = 1;
	classes = {
	};
	objectVersion = 50;
	objects = {

/* Begin PBXBuildFile section */
		180069AE20CE41E100A69A6D /* AppDelegate.m in Sources */ = {isa = PBXBuildFile; fileRef = 180069AD20CE41E100A69A6D /* AppDelegate.m */; };
		180069B120CE41E100A69A6D /* ViewController.mm in Sources */ = {isa = PBXBuildFile; fileRef = 180069B020CE41E100A69A6D /* ViewController.mm */; };
		180069B420CE41E100A69A6D /* Main.storyboard in Resources */ = {isa = PBXBuildFile; fileRef = 180069B220CE41E100A69A6D /* Main.storyboard */; };
		180069B620CE41E300A69A6D /* Assets.xcassets in Resources */ = {isa = PBXBuildFile; fileRef = 180069B520CE41E300A69A6D /* Assets.xcassets */; };
		180069B920CE41E300A69A6D /* LaunchScreen.storyboard in Resources */ = {isa = PBXBuildFile; fileRef = 180069B720CE41E300A69A6D /* LaunchScreen.storyboard */; };
		180069BC20CE41E300A69A6D /* main.m in Sources */ = {isa = PBXBuildFile; fileRef = 180069BB20CE41E300A69A6D /* main.m */; };
		180069C520CE69E500A69A6D /* CoreLocation.framework in Frameworks */ = {isa = PBXBuildFile; fileRef = 180069C420CE69E400A69A6D /* CoreLocation.framework */; };
		180069C720CE69ED00A69A6D /* QuartzCore.framework in Frameworks */ = {isa = PBXBuildFile; fileRef = 180069C620CE69ED00A69A6D /* QuartzCore.framework */; };
		180069C920CE69F300A69A6D /* OpenGLES.framework in Frameworks */ = {isa = PBXBuildFile; fileRef = 180069C820CE69F300A69A6D /* OpenGLES.framework */; };
		180069CB20CE69FD00A69A6D /* SystemConfiguration.framework in Frameworks */ = {isa = PBXBuildFile; fileRef = 180069CA20CE69FD00A69A6D /* SystemConfiguration.framework */; };
		180069CD20CE6A0400A69A6D /* CoreGraphics.framework in Frameworks */ = {isa = PBXBuildFile; fileRef = 180069CC20CE6A0400A69A6D /* CoreGraphics.framework */; };
		180069CF20CE6A0C00A69A6D /* Security.framework in Frameworks */ = {isa = PBXBuildFile; fileRef = 180069CE20CE6A0C00A69A6D /* Security.framework */; };
		180069D120CE6ACE00A69A6D /* libsqlite3.0.tbd in Frameworks */ = {isa = PBXBuildFile; fileRef = 180069D020CE6ACD00A69A6D /* libsqlite3.0.tbd */; };
		180069D320CE6AD500A69A6D /* CoreTelephony.framework in Frameworks */ = {isa = PBXBuildFile; fileRef = 180069D220CE6AD500A69A6D /* CoreTelephony.framework */; };
		180069D520CE6ADE00A69A6D /* libstdc++.6.0.9.tbd in Frameworks */ = {isa = PBXBuildFile; fileRef = 180069D420CE6ADE00A69A6D /* libstdc++.6.0.9.tbd */; };
		180069DD20CE6D4900A69A6D /* BaiduMapAPI_Utils.framework in Frameworks */ = {isa = PBXBuildFile; fileRef = 180069D620CE6D4900A69A6D /* BaiduMapAPI_Utils.framework */; };
		180069DE20CE6D4900A69A6D /* BaiduMapAPI_Map.framework in Frameworks */ = {isa = PBXBuildFile; fileRef = 180069D720CE6D4900A69A6D /* BaiduMapAPI_Map.framework */; };
		180069DF20CE6D4900A69A6D /* BaiduMapAPI_Radar.framework in Frameworks */ = {isa = PBXBuildFile; fileRef = 180069D820CE6D4900A69A6D /* BaiduMapAPI_Radar.framework */; };
		180069E020CE6D4900A69A6D /* BaiduMapAPI_Search.framework in Frameworks */ = {isa = PBXBuildFile; fileRef = 180069D920CE6D4900A69A6D /* BaiduMapAPI_Search.framework */; };
		180069E120CE6D4900A69A6D /* BaiduMapAPI_Location.framework in Frameworks */ = {isa = PBXBuildFile; fileRef = 180069DA20CE6D4900A69A6D /* BaiduMapAPI_Location.framework */; };
		180069E220CE6D4900A69A6D /* BaiduMapAPI_Cloud.framework in Frameworks */ = {isa = PBXBuildFile; fileRef = 180069DB20CE6D4900A69A6D /* BaiduMapAPI_Cloud.framework */; };
		180069E320CE6D4900A69A6D /* BaiduMapAPI_Base.framework in Frameworks */ = {isa = PBXBuildFile; fileRef = 180069DC20CE6D4900A69A6D /* BaiduMapAPI_Base.framework */; };
		180069E620CE6D8200A69A6D /* libcrypto.a in Frameworks */ = {isa = PBXBuildFile; fileRef = 180069E420CE6D8200A69A6D /* libcrypto.a */; };
		180069E720CE6D8200A69A6D /* libssl.a in Frameworks */ = {isa = PBXBuildFile; fileRef = 180069E520CE6D8200A69A6D /* libssl.a */; };
		180069F120CF90A900A69A6D /* NSArray+Log.m in Sources */ = {isa = PBXBuildFile; fileRef = 180069EF20CF90A900A69A6D /* NSArray+Log.m */; };
		180069F420CF9C6B00A69A6D /* SearchViewController.m in Sources */ = {isa = PBXBuildFile; fileRef = 180069F320CF9C6B00A69A6D /* SearchViewController.m */; };
		180069FA20CFAB1300A69A6D /* BaseLoadingView.m in Sources */ = {isa = PBXBuildFile; fileRef = 180069F920CFAB1300A69A6D /* BaseLoadingView.m */; };
		180069FD20CFB07A00A69A6D /* BaseViewController.m in Sources */ = {isa = PBXBuildFile; fileRef = 180069FC20CFB07A00A69A6D /* BaseViewController.m */; };
		18006A0120CFB17D00A69A6D /* Tools.m in Sources */ = {isa = PBXBuildFile; fileRef = 18006A0020CFB17D00A69A6D /* Tools.m */; };
		18006A0420CFB1E500A69A6D /* UIView+Extension.m in Sources */ = {isa = PBXBuildFile; fileRef = 18006A0320CFB1E500A69A6D /* UIView+Extension.m */; };
		18006A0820CFB61800A69A6D /* UIButton+TouchArea.m in Sources */ = {isa = PBXBuildFile; fileRef = 18006A0720CFB61800A69A6D /* UIButton+TouchArea.m */; };
		18006A0B20CFBA5200A69A6D /* UINavigationController+MCObjc.m in Sources */ = {isa = PBXBuildFile; fileRef = 18006A0A20CFBA5200A69A6D /* UINavigationController+MCObjc.m */; };
		A87791EF45CD307F1F8CCCE4 /* libPods-BaiDuMapDemo.a in Frameworks */ = {isa = PBXBuildFile; fileRef = 5022EBE8DA42E7E27BE8AFA0 /* libPods-BaiDuMapDemo.a */; };
/* End PBXBuildFile section */

/* Begin PBXFileReference section */
		180069A920CE41E100A69A6D /* BaiDuMapDemo.app */ = {isa = PBXFileReference; explicitFileType = wrapper.application; includeInIndex = 0; path = BaiDuMapDemo.app; sourceTree = BUILT_PRODUCTS_DIR; };
		180069AC20CE41E100A69A6D /* AppDelegate.h */ = {isa = PBXFileReference; lastKnownFileType = sourcecode.c.h; path = AppDelegate.h; sourceTree = "<group>"; };
		180069AD20CE41E100A69A6D /* AppDelegate.m */ = {isa = PBXFileReference; lastKnownFileType = sourcecode.c.objc; path = AppDelegate.m; sourceTree = "<group>"; };
		180069AF20CE41E100A69A6D /* ViewController.h */ = {isa = PBXFileReference; lastKnownFileType = sourcecode.c.h; path = ViewController.h; sourceTree = "<group>"; };
		180069B020CE41E100A69A6D /* ViewController.mm */ = {isa = PBXFileReference; lastKnownFileType = sourcecode.cpp.objcpp; path = ViewController.mm; sourceTree = "<group>"; };
		180069B320CE41E100A69A6D /* Base */ = {isa = PBXFileReference; lastKnownFileType = file.storyboard; name = Base; path = Base.lproj/Main.storyboard; sourceTree = "<group>"; };
		180069B520CE41E300A69A6D /* Assets.xcassets */ = {isa = PBXFileReference; lastKnownFileType = folder.assetcatalog; path = Assets.xcassets; sourceTree = "<group>"; };
		180069B820CE41E300A69A6D /* Base */ = {isa = PBXFileReference; lastKnownFileType = file.storyboard; name = Base; path = Base.lproj/LaunchScreen.storyboard; sourceTree = "<group>"; };
		180069BA20CE41E300A69A6D /* Info.plist */ = {isa = PBXFileReference; lastKnownFileType = text.plist.xml; path = Info.plist; sourceTree = "<group>"; };
		180069BB20CE41E300A69A6D /* main.m */ = {isa = PBXFileReference; lastKnownFileType = sourcecode.c.objc; path = main.m; sourceTree = "<group>"; };
		180069C220CE430B00A69A6D /* SDKHeaderFile.h */ = {isa = PBXFileReference; lastKnownFileType = sourcecode.c.h; path = SDKHeaderFile.h; sourceTree = "<group>"; };
		180069C420CE69E400A69A6D /* CoreLocation.framework */ = {isa = PBXFileReference; lastKnownFileType = wrapper.framework; name = CoreLocation.framework; path = System/Library/Frameworks/CoreLocation.framework; sourceTree = SDKROOT; };
		180069C620CE69ED00A69A6D /* QuartzCore.framework */ = {isa = PBXFileReference; lastKnownFileType = wrapper.framework; name = QuartzCore.framework; path = System/Library/Frameworks/QuartzCore.framework; sourceTree = SDKROOT; };
		180069C820CE69F300A69A6D /* OpenGLES.framework */ = {isa = PBXFileReference; lastKnownFileType = wrapper.framework; name = OpenGLES.framework; path = System/Library/Frameworks/OpenGLES.framework; sourceTree = SDKROOT; };
		180069CA20CE69FD00A69A6D /* SystemConfiguration.framework */ = {isa = PBXFileReference; lastKnownFileType = wrapper.framework; name = SystemConfiguration.framework; path = System/Library/Frameworks/SystemConfiguration.framework; sourceTree = SDKROOT; };
		180069CC20CE6A0400A69A6D /* CoreGraphics.framework */ = {isa = PBXFileReference; lastKnownFileType = wrapper.framework; name = CoreGraphics.framework; path = System/Library/Frameworks/CoreGraphics.framework; sourceTree = SDKROOT; };
		180069CE20CE6A0C00A69A6D /* Security.framework */ = {isa = PBXFileReference; lastKnownFileType = wrapper.framework; name = Security.framework; path = System/Library/Frameworks/Security.framework; sourceTree = SDKROOT; };
		180069D020CE6ACD00A69A6D /* libsqlite3.0.tbd */ = {isa = PBXFileReference; lastKnownFileType = "sourcecode.text-based-dylib-definition"; name = libsqlite3.0.tbd; path = usr/lib/libsqlite3.0.tbd; sourceTree = SDKROOT; };
		180069D220CE6AD500A69A6D /* CoreTelephony.framework */ = {isa = PBXFileReference; lastKnownFileType = wrapper.framework; name = CoreTelephony.framework; path = System/Library/Frameworks/CoreTelephony.framework; sourceTree = SDKROOT; };
		180069D420CE6ADE00A69A6D /* libstdc++.6.0.9.tbd */ = {isa = PBXFileReference; lastKnownFileType = "sourcecode.text-based-dylib-definition"; name = "libstdc++.6.0.9.tbd"; path = "usr/lib/libstdc++.6.0.9.tbd"; sourceTree = SDKROOT; };
		180069D620CE6D4900A69A6D /* BaiduMapAPI_Utils.framework */ = {isa = PBXFileReference; lastKnownFileType = wrapper.framework; name = BaiduMapAPI_Utils.framework; path = Pods/BaiduMapKit/BaiduMapKit/BaiduMapAPI_Utils.framework; sourceTree = "<group>"; };
		180069D720CE6D4900A69A6D /* BaiduMapAPI_Map.framework */ = {isa = PBXFileReference; lastKnownFileType = wrapper.framework; name = BaiduMapAPI_Map.framework; path = Pods/BaiduMapKit/BaiduMapKit/BaiduMapAPI_Map.framework; sourceTree = "<group>"; };
		180069D820CE6D4900A69A6D /* BaiduMapAPI_Radar.framework */ = {isa = PBXFileReference; lastKnownFileType = wrapper.framework; name = BaiduMapAPI_Radar.framework; path = Pods/BaiduMapKit/BaiduMapKit/BaiduMapAPI_Radar.framework; sourceTree = "<group>"; };
		180069D920CE6D4900A69A6D /* BaiduMapAPI_Search.framework */ = {isa = PBXFileReference; lastKnownFileType = wrapper.framework; name = BaiduMapAPI_Search.framework; path = Pods/BaiduMapKit/BaiduMapKit/BaiduMapAPI_Search.framework; sourceTree = "<group>"; };
		180069DA20CE6D4900A69A6D /* BaiduMapAPI_Location.framework */ = {isa = PBXFileReference; lastKnownFileType = wrapper.framework; name = BaiduMapAPI_Location.framework; path = Pods/BaiduMapKit/BaiduMapKit/BaiduMapAPI_Location.framework; sourceTree = "<group>"; };
		180069DB20CE6D4900A69A6D /* BaiduMapAPI_Cloud.framework */ = {isa = PBXFileReference; lastKnownFileType = wrapper.framework; name = BaiduMapAPI_Cloud.framework; path = Pods/BaiduMapKit/BaiduMapKit/BaiduMapAPI_Cloud.framework; sourceTree = "<group>"; };
		180069DC20CE6D4900A69A6D /* BaiduMapAPI_Base.framework */ = {isa = PBXFileReference; lastKnownFileType = wrapper.framework; name = BaiduMapAPI_Base.framework; path = Pods/BaiduMapKit/BaiduMapKit/BaiduMapAPI_Base.framework; sourceTree = "<group>"; };
		180069E420CE6D8200A69A6D /* libcrypto.a */ = {isa = PBXFileReference; lastKnownFileType = archive.ar; name = libcrypto.a; path = Pods/BaiduMapKit/BaiduMapKit/thirdlibs/libcrypto.a; sourceTree = "<group>"; };
		180069E520CE6D8200A69A6D /* libssl.a */ = {isa = PBXFileReference; lastKnownFileType = archive.ar; name = libssl.a; path = Pods/BaiduMapKit/BaiduMapKit/thirdlibs/libssl.a; sourceTree = "<group>"; };
		180069EF20CF90A900A69A6D /* NSArray+Log.m */ = {isa = PBXFileReference; fileEncoding = 4; lastKnownFileType = sourcecode.c.objc; path = "NSArray+Log.m"; sourceTree = "<group>"; };
		180069F020CF90A900A69A6D /* NSArray+Log.h */ = {isa = PBXFileReference; fileEncoding = 4; lastKnownFileType = sourcecode.c.h; path = "NSArray+Log.h"; sourceTree = "<group>"; };
		180069F220CF9C6B00A69A6D /* SearchViewController.h */ = {isa = PBXFileReference; lastKnownFileType = sourcecode.c.h; path = SearchViewController.h; sourceTree = "<group>"; };
		180069F320CF9C6B00A69A6D /* SearchViewController.m */ = {isa = PBXFileReference; lastKnownFileType = sourcecode.c.objc; path = SearchViewController.m; sourceTree = "<group>"; };
		180069F820CFAB1300A69A6D /* BaseLoadingView.h */ = {isa = PBXFileReference; lastKnownFileType = sourcecode.c.h; path = BaseLoadingView.h; sourceTree = "<group>"; };
		180069F920CFAB1300A69A6D /* BaseLoadingView.m */ = {isa = PBXFileReference; lastKnownFileType = sourcecode.c.objc; path = BaseLoadingView.m; sourceTree = "<group>"; };
		180069FB20CFB07A00A69A6D /* BaseViewController.h */ = {isa = PBXFileReference; lastKnownFileType = sourcecode.c.h; path = BaseViewController.h; sourceTree = "<group>"; };
		180069FC20CFB07A00A69A6D /* BaseViewController.m */ = {isa = PBXFileReference; lastKnownFileType = sourcecode.c.objc; path = BaseViewController.m; sourceTree = "<group>"; };
		180069FF20CFB17D00A69A6D /* Tools.h */ = {isa = PBXFileReference; fileEncoding = 4; lastKnownFileType = sourcecode.c.h; path = Tools.h; sourceTree = "<group>"; };
		18006A0020CFB17D00A69A6D /* Tools.m */ = {isa = PBXFileReference; fileEncoding = 4; lastKnownFileType = sourcecode.c.objc; path = Tools.m; sourceTree = "<group>"; };
		18006A0220CFB1E500A69A6D /* UIView+Extension.h */ = {isa = PBXFileReference; fileEncoding = 4; lastKnownFileType = sourcecode.c.h; path = "UIView+Extension.h"; sourceTree = "<group>"; };
		18006A0320CFB1E500A69A6D /* UIView+Extension.m */ = {isa = PBXFileReference; fileEncoding = 4; lastKnownFileType = sourcecode.c.objc; path = "UIView+Extension.m"; sourceTree = "<group>"; };
		18006A0520CFB2F400A69A6D /* PrefixHeader.pch */ = {isa = PBXFileReference; lastKnownFileType = sourcecode.c.h; path = PrefixHeader.pch; sourceTree = "<group>"; };
		18006A0620CFB61800A69A6D /* UIButton+TouchArea.h */ = {isa = PBXFileReference; lastKnownFileType = sourcecode.c.h; path = "UIButton+TouchArea.h"; sourceTree = "<group>"; };
		18006A0720CFB61800A69A6D /* UIButton+TouchArea.m */ = {isa = PBXFileReference; lastKnownFileType = sourcecode.c.objc; path = "UIButton+TouchArea.m"; sourceTree = "<group>"; };
		18006A0920CFBA5200A69A6D /* UINavigationController+MCObjc.h */ = {isa = PBXFileReference; fileEncoding = 4; lastKnownFileType = sourcecode.c.h; path = "UINavigationController+MCObjc.h"; sourceTree = "<group>"; };
		18006A0A20CFBA5200A69A6D /* UINavigationController+MCObjc.m */ = {isa = PBXFileReference; fileEncoding = 4; lastKnownFileType = sourcecode.c.objc; path = "UINavigationController+MCObjc.m"; sourceTree = "<group>"; };
		3D47D73287DD6B73A1ED37C9 /* Pods-BaiDuMapDemo.release.xcconfig */ = {isa = PBXFileReference; includeInIndex = 1; lastKnownFileType = text.xcconfig; name = "Pods-BaiDuMapDemo.release.xcconfig"; path = "Pods/Target Support Files/Pods-BaiDuMapDemo/Pods-BaiDuMapDemo.release.xcconfig"; sourceTree = "<group>"; };
		5022EBE8DA42E7E27BE8AFA0 /* libPods-BaiDuMapDemo.a */ = {isa = PBXFileReference; explicitFileType = archive.ar; includeInIndex = 0; path = "libPods-BaiDuMapDemo.a"; sourceTree = BUILT_PRODUCTS_DIR; };
		5DB72670E062AFFA529B36C5 /* Pods-BaiDuMapDemo.debug.xcconfig */ = {isa = PBXFileReference; includeInIndex = 1; lastKnownFileType = text.xcconfig; name = "Pods-BaiDuMapDemo.debug.xcconfig"; path = "Pods/Target Support Files/Pods-BaiDuMapDemo/Pods-BaiDuMapDemo.debug.xcconfig"; sourceTree = "<group>"; };
/* End PBXFileReference section */

/* Begin PBXFrameworksBuildPhase section */
		180069A620CE41E100A69A6D /* Frameworks */ = {
			isa = PBXFrameworksBuildPhase;
			buildActionMask = 2147483647;
			files = (
				180069E620CE6D8200A69A6D /* libcrypto.a in Frameworks */,
				180069E720CE6D8200A69A6D /* libssl.a in Frameworks */,
				180069DD20CE6D4900A69A6D /* BaiduMapAPI_Utils.framework in Frameworks */,
				180069DE20CE6D4900A69A6D /* BaiduMapAPI_Map.framework in Frameworks */,
				180069DF20CE6D4900A69A6D /* BaiduMapAPI_Radar.framework in Frameworks */,
				180069E020CE6D4900A69A6D /* BaiduMapAPI_Search.framework in Frameworks */,
				180069E120CE6D4900A69A6D /* BaiduMapAPI_Location.framework in Frameworks */,
				180069E220CE6D4900A69A6D /* BaiduMapAPI_Cloud.framework in Frameworks */,
				180069E320CE6D4900A69A6D /* BaiduMapAPI_Base.framework in Frameworks */,
				180069D520CE6ADE00A69A6D /* libstdc++.6.0.9.tbd in Frameworks */,
				180069D320CE6AD500A69A6D /* CoreTelephony.framework in Frameworks */,
				180069D120CE6ACE00A69A6D /* libsqlite3.0.tbd in Frameworks */,
				180069CF20CE6A0C00A69A6D /* Security.framework in Frameworks */,
				180069CD20CE6A0400A69A6D /* CoreGraphics.framework in Frameworks */,
				180069CB20CE69FD00A69A6D /* SystemConfiguration.framework in Frameworks */,
				180069C920CE69F300A69A6D /* OpenGLES.framework in Frameworks */,
				180069C720CE69ED00A69A6D /* QuartzCore.framework in Frameworks */,
				180069C520CE69E500A69A6D /* CoreLocation.framework in Frameworks */,
				A87791EF45CD307F1F8CCCE4 /* libPods-BaiDuMapDemo.a in Frameworks */,
			);
			runOnlyForDeploymentPostprocessing = 0;
		};
/* End PBXFrameworksBuildPhase section */

/* Begin PBXGroup section */
		180069A020CE41E100A69A6D = {
			isa = PBXGroup;
			children = (
				180069AB20CE41E100A69A6D /* BaiDuMapDemo */,
				180069AA20CE41E100A69A6D /* Products */,
				E8B8160D99A863CB3D178FDD /* Pods */,
				454D7D5C2C49F4888AE01AE6 /* Frameworks */,
			);
			sourceTree = "<group>";
		};
		180069AA20CE41E100A69A6D /* Products */ = {
			isa = PBXGroup;
			children = (
				180069A920CE41E100A69A6D /* BaiDuMapDemo.app */,
			);
			name = Products;
			sourceTree = "<group>";
		};
		180069AB20CE41E100A69A6D /* BaiDuMapDemo */ = {
			isa = PBXGroup;
			children = (
				180069FE20CFB16900A69A6D /* Tools */,
				180069F520CFA9D900A69A6D /* Base */,
				180069F020CF90A900A69A6D /* NSArray+Log.h */,
				180069EF20CF90A900A69A6D /* NSArray+Log.m */,
				180069AC20CE41E100A69A6D /* AppDelegate.h */,
				180069AD20CE41E100A69A6D /* AppDelegate.m */,
				180069AF20CE41E100A69A6D /* ViewController.h */,
				180069B020CE41E100A69A6D /* ViewController.mm */,
				180069B220CE41E100A69A6D /* Main.storyboard */,
				180069B520CE41E300A69A6D /* Assets.xcassets */,
				180069B720CE41E300A69A6D /* LaunchScreen.storyboard */,
				180069BA20CE41E300A69A6D /* Info.plist */,
				180069BB20CE41E300A69A6D /* main.m */,
				180069C220CE430B00A69A6D /* SDKHeaderFile.h */,
				180069F220CF9C6B00A69A6D /* SearchViewController.h */,
				180069F320CF9C6B00A69A6D /* SearchViewController.m */,
				18006A0520CFB2F400A69A6D /* PrefixHeader.pch */,
			);
			path = BaiDuMapDemo;
			sourceTree = "<group>";
		};
		180069F520CFA9D900A69A6D /* Base */ = {
			isa = PBXGroup;
			children = (
				180069F820CFAB1300A69A6D /* BaseLoadingView.h */,
				180069F920CFAB1300A69A6D /* BaseLoadingView.m */,
				180069FB20CFB07A00A69A6D /* BaseViewController.h */,
				180069FC20CFB07A00A69A6D /* BaseViewController.m */,
			);
			path = Base;
			sourceTree = "<group>";
		};
		180069FE20CFB16900A69A6D /* Tools */ = {
			isa = PBXGroup;
			children = (
				18006A0220CFB1E500A69A6D /* UIView+Extension.h */,
				18006A0320CFB1E500A69A6D /* UIView+Extension.m */,
				18006A0620CFB61800A69A6D /* UIButton+TouchArea.h */,
				18006A0720CFB61800A69A6D /* UIButton+TouchArea.m */,
				18006A0920CFBA5200A69A6D /* UINavigationController+MCObjc.h */,
				18006A0A20CFBA5200A69A6D /* UINavigationController+MCObjc.m */,
				180069FF20CFB17D00A69A6D /* Tools.h */,
				18006A0020CFB17D00A69A6D /* Tools.m */,
			);
			path = Tools;
			sourceTree = "<group>";
		};
		454D7D5C2C49F4888AE01AE6 /* Frameworks */ = {
			isa = PBXGroup;
			children = (
				180069E420CE6D8200A69A6D /* libcrypto.a */,
				180069E520CE6D8200A69A6D /* libssl.a */,
				180069DC20CE6D4900A69A6D /* BaiduMapAPI_Base.framework */,
				180069DB20CE6D4900A69A6D /* BaiduMapAPI_Cloud.framework */,
				180069DA20CE6D4900A69A6D /* BaiduMapAPI_Location.framework */,
				180069D720CE6D4900A69A6D /* BaiduMapAPI_Map.framework */,
				180069D820CE6D4900A69A6D /* BaiduMapAPI_Radar.framework */,
				180069D920CE6D4900A69A6D /* BaiduMapAPI_Search.framework */,
				180069D620CE6D4900A69A6D /* BaiduMapAPI_Utils.framework */,
				180069D420CE6ADE00A69A6D /* libstdc++.6.0.9.tbd */,
				180069D220CE6AD500A69A6D /* CoreTelephony.framework */,
				180069D020CE6ACD00A69A6D /* libsqlite3.0.tbd */,
				180069CE20CE6A0C00A69A6D /* Security.framework */,
				180069CC20CE6A0400A69A6D /* CoreGraphics.framework */,
				180069CA20CE69FD00A69A6D /* SystemConfiguration.framework */,
				180069C820CE69F300A69A6D /* OpenGLES.framework */,
				180069C620CE69ED00A69A6D /* QuartzCore.framework */,
				180069C420CE69E400A69A6D /* CoreLocation.framework */,
				5022EBE8DA42E7E27BE8AFA0 /* libPods-BaiDuMapDemo.a */,
			);
			name = Frameworks;
			sourceTree = "<group>";
		};
		E8B8160D99A863CB3D178FDD /* Pods */ = {
			isa = PBXGroup;
			children = (
				5DB72670E062AFFA529B36C5 /* Pods-BaiDuMapDemo.debug.xcconfig */,
				3D47D73287DD6B73A1ED37C9 /* Pods-BaiDuMapDemo.release.xcconfig */,
			);
			name = Pods;
			sourceTree = "<group>";
		};
/* End PBXGroup section */

/* Begin PBXNativeTarget section */
		180069A820CE41E100A69A6D /* BaiDuMapDemo */ = {
			isa = PBXNativeTarget;
			buildConfigurationList = 180069BF20CE41E300A69A6D /* Build configuration list for PBXNativeTarget "BaiDuMapDemo" */;
			buildPhases = (
				99226DF8DFB69B248EEFC071 /* [CP] Check Pods Manifest.lock */,
				180069A520CE41E100A69A6D /* Sources */,
				180069A620CE41E100A69A6D /* Frameworks */,
				180069A720CE41E100A69A6D /* Resources */,
				D6FA024A3A8849DF9771B9C8 /* [CP] Copy Pods Resources */,
			);
			buildRules = (
			);
			dependencies = (
			);
			name = BaiDuMapDemo;
			productName = BaiDuMapDemo;
			productReference = 180069A920CE41E100A69A6D /* BaiDuMapDemo.app */;
			productType = "com.apple.product-type.application";
		};
/* End PBXNativeTarget section */

/* Begin PBXProject section */
		180069A120CE41E100A69A6D /* Project object */ = {
			isa = PBXProject;
			attributes = {
				LastUpgradeCheck = 0940;
				ORGANIZATIONNAME = tanyun;
				TargetAttributes = {
					180069A820CE41E100A69A6D = {
						CreatedOnToolsVersion = 9.4;
						SystemCapabilities = {
							com.apple.Maps.iOS = {
								enabled = 0;
							};
						};
					};
				};
			};
			buildConfigurationList = 180069A420CE41E100A69A6D /* Build configuration list for PBXProject "BaiDuMapDemo" */;
			compatibilityVersion = "Xcode 9.3";
			developmentRegion = en;
			hasScannedForEncodings = 0;
			knownRegions = (
				en,
				Base,
			);
			mainGroup = 180069A020CE41E100A69A6D;
			productRefGroup = 180069AA20CE41E100A69A6D /* Products */;
			projectDirPath = "";
			projectRoot = "";
			targets = (
				180069A820CE41E100A69A6D /* BaiDuMapDemo */,
			);
		};
/* End PBXProject section */

/* Begin PBXResourcesBuildPhase section */
		180069A720CE41E100A69A6D /* Resources */ = {
			isa = PBXResourcesBuildPhase;
			buildActionMask = 2147483647;
			files = (
				180069B920CE41E300A69A6D /* LaunchScreen.storyboard in Resources */,
				180069B620CE41E300A69A6D /* Assets.xcassets in Resources */,
				180069B420CE41E100A69A6D /* Main.storyboard in Resources */,
			);
			runOnlyForDeploymentPostprocessing = 0;
		};
/* End PBXResourcesBuildPhase section */

/* Begin PBXShellScriptBuildPhase section */
		99226DF8DFB69B248EEFC071 /* [CP] Check Pods Manifest.lock */ = {
			isa = PBXShellScriptBuildPhase;
			buildActionMask = 2147483647;
			files = (
			);
			inputPaths = (
				"${PODS_PODFILE_DIR_PATH}/Podfile.lock",
				"${PODS_ROOT}/Manifest.lock",
			);
			name = "[CP] Check Pods Manifest.lock";
			outputPaths = (
				"$(DERIVED_FILE_DIR)/Pods-BaiDuMapDemo-checkManifestLockResult.txt",
			);
			runOnlyForDeploymentPostprocessing = 0;
			shellPath = /bin/sh;
			shellScript = "diff \"${PODS_PODFILE_DIR_PATH}/Podfile.lock\" \"${PODS_ROOT}/Manifest.lock\" > /dev/null\nif [ $? != 0 ] ; then\n    # print error to STDERR\n    echo \"error: The sandbox is not in sync with the Podfile.lock. Run 'pod install' or update your CocoaPods installation.\" >&2\n    exit 1\nfi\n# This output is used by Xcode 'outputs' to avoid re-running this script phase.\necho \"SUCCESS\" > \"${SCRIPT_OUTPUT_FILE_0}\"\n";
			showEnvVarsInLog = 0;
		};
		D6FA024A3A8849DF9771B9C8 /* [CP] Copy Pods Resources */ = {
			isa = PBXShellScriptBuildPhase;
			buildActionMask = 2147483647;
			files = (
			);
			inputPaths = (
				"${SRCROOT}/Pods/Target Support Files/Pods-BaiDuMapDemo/Pods-BaiDuMapDemo-resources.sh",
				"${PODS_ROOT}/BaiduMapKit/BaiduMapKit/BaiduMapAPI_Map.framework/Resources/mapapi.bundle",
			);
			name = "[CP] Copy Pods Resources";
			outputPaths = (
				"${TARGET_BUILD_DIR}/${UNLOCALIZED_RESOURCES_FOLDER_PATH}/mapapi.bundle",
			);
			runOnlyForDeploymentPostprocessing = 0;
			shellPath = /bin/sh;
			shellScript = "\"${SRCROOT}/Pods/Target Support Files/Pods-BaiDuMapDemo/Pods-BaiDuMapDemo-resources.sh\"\n";
			showEnvVarsInLog = 0;
		};
/* End PBXShellScriptBuildPhase section */

/* Begin PBXSourcesBuildPhase section */
		180069A520CE41E100A69A6D /* Sources */ = {
			isa = PBXSourcesBuildPhase;
			buildActionMask = 2147483647;
			files = (
				18006A0420CFB1E500A69A6D /* UIView+Extension.m in Sources */,
				180069B120CE41E100A69A6D /* ViewController.mm in Sources */,
				180069F120CF90A900A69A6D /* NSArray+Log.m in Sources */,
				180069FA20CFAB1300A69A6D /* BaseLoadingView.m in Sources */,
				18006A0B20CFBA5200A69A6D /* UINavigationController+MCObjc.m in Sources */,
				18006A0820CFB61800A69A6D /* UIButton+TouchArea.m in Sources */,
				18006A0120CFB17D00A69A6D /* Tools.m in Sources */,
				180069F420CF9C6B00A69A6D /* SearchViewController.m in Sources */,
				180069BC20CE41E300A69A6D /* main.m in Sources */,
				180069FD20CFB07A00A69A6D /* BaseViewController.m in Sources */,
				180069AE20CE41E100A69A6D /* AppDelegate.m in Sources */,
			);
			runOnlyForDeploymentPostprocessing = 0;
		};
/* End PBXSourcesBuildPhase section */

/* Begin PBXVariantGroup section */
		180069B220CE41E100A69A6D /* Main.storyboard */ = {
			isa = PBXVariantGroup;
			children = (
				180069B320CE41E100A69A6D /* Base */,
			);
			name = Main.storyboard;
			sourceTree = "<group>";
		};
		180069B720CE41E300A69A6D /* LaunchScreen.storyboard */ = {
			isa = PBXVariantGroup;
			children = (
				180069B820CE41E300A69A6D /* Base */,
			);
			name = LaunchScreen.storyboard;
			sourceTree = "<group>";
		};
/* End PBXVariantGroup section */

/* Begin XCBuildConfiguration section */
		180069BD20CE41E300A69A6D /* Debug */ = {
			isa = XCBuildConfiguration;
			buildSettings = {
				ALWAYS_SEARCH_USER_PATHS = NO;
				CLANG_ANALYZER_NONNULL = YES;
				CLANG_ANALYZER_NUMBER_OBJECT_CONVERSION = YES_AGGRESSIVE;
				CLANG_CXX_LANGUAGE_STANDARD = "gnu++14";
				CLANG_CXX_LIBRARY = "libc++";
				CLANG_ENABLE_MODULES = YES;
				CLANG_ENABLE_OBJC_ARC = YES;
				CLANG_ENABLE_OBJC_WEAK = YES;
				CLANG_WARN_BLOCK_CAPTURE_AUTORELEASING = YES;
				CLANG_WARN_BOOL_CONVERSION = YES;
				CLANG_WARN_COMMA = YES;
				CLANG_WARN_CONSTANT_CONVERSION = YES;
				CLANG_WARN_DEPRECATED_OBJC_IMPLEMENTATIONS = YES;
				CLANG_WARN_DIRECT_OBJC_ISA_USAGE = YES_ERROR;
				CLANG_WARN_DOCUMENTATION_COMMENTS = YES;
				CLANG_WARN_EMPTY_BODY = YES;
				CLANG_WARN_ENUM_CONVERSION = YES;
				CLANG_WARN_INFINITE_RECURSION = YES;
				CLANG_WARN_INT_CONVERSION = YES;
				CLANG_WARN_NON_LITERAL_NULL_CONVERSION = YES;
				CLANG_WARN_OBJC_IMPLICIT_RETAIN_SELF = YES;
				CLANG_WARN_OBJC_LITERAL_CONVERSION = YES;
				CLANG_WARN_OBJC_ROOT_CLASS = YES_ERROR;
				CLANG_WARN_RANGE_LOOP_ANALYSIS = YES;
				CLANG_WARN_STRICT_PROTOTYPES = YES;
				CLANG_WARN_SUSPICIOUS_MOVE = YES;
				CLANG_WARN_UNGUARDED_AVAILABILITY = YES_AGGRESSIVE;
				CLANG_WARN_UNREACHABLE_CODE = YES;
				CLANG_WARN__DUPLICATE_METHOD_MATCH = YES;
				CODE_SIGN_IDENTITY = "iPhone Developer";
				COPY_PHASE_STRIP = NO;
				DEBUG_INFORMATION_FORMAT = dwarf;
				ENABLE_STRICT_OBJC_MSGSEND = YES;
				ENABLE_TESTABILITY = YES;
				GCC_C_LANGUAGE_STANDARD = gnu11;
				GCC_DYNAMIC_NO_PIC = NO;
				GCC_NO_COMMON_BLOCKS = YES;
				GCC_OPTIMIZATION_LEVEL = 0;
				GCC_PREPROCESSOR_DEFINITIONS = (
					"DEBUG=1",
					"$(inherited)",
				);
				GCC_WARN_64_TO_32_BIT_CONVERSION = YES;
				GCC_WARN_ABOUT_RETURN_TYPE = YES_ERROR;
				GCC_WARN_UNDECLARED_SELECTOR = YES;
				GCC_WARN_UNINITIALIZED_AUTOS = YES_AGGRESSIVE;
				GCC_WARN_UNUSED_FUNCTION = YES;
				GCC_WARN_UNUSED_VARIABLE = YES;
				IPHONEOS_DEPLOYMENT_TARGET = 11.4;
				MTL_ENABLE_DEBUG_INFO = YES;
				ONLY_ACTIVE_ARCH = YES;
				SDKROOT = iphoneos;
			};
			name = Debug;
		};
		180069BE20CE41E300A69A6D /* Release */ = {
			isa = XCBuildConfiguration;
			buildSettings = {
				ALWAYS_SEARCH_USER_PATHS = NO;
				CLANG_ANALYZER_NONNULL = YES;
				CLANG_ANALYZER_NUMBER_OBJECT_CONVERSION = YES_AGGRESSIVE;
				CLANG_CXX_LANGUAGE_STANDARD = "gnu++14";
				CLANG_CXX_LIBRARY = "libc++";
				CLANG_ENABLE_MODULES = YES;
				CLANG_ENABLE_OBJC_ARC = YES;
				CLANG_ENABLE_OBJC_WEAK = YES;
				CLANG_WARN_BLOCK_CAPTURE_AUTORELEASING = YES;
				CLANG_WARN_BOOL_CONVERSION = YES;
				CLANG_WARN_COMMA = YES;
				CLANG_WARN_CONSTANT_CONVERSION = YES;
				CLANG_WARN_DEPRECATED_OBJC_IMPLEMENTATIONS = YES;
				CLANG_WARN_DIRECT_OBJC_ISA_USAGE = YES_ERROR;
				CLANG_WARN_DOCUMENTATION_COMMENTS = YES;
				CLANG_WARN_EMPTY_BODY = YES;
				CLANG_WARN_ENUM_CONVERSION = YES;
				CLANG_WARN_INFINITE_RECURSION = YES;
				CLANG_WARN_INT_CONVERSION = YES;
				CLANG_WARN_NON_LITERAL_NULL_CONVERSION = YES;
				CLANG_WARN_OBJC_IMPLICIT_RETAIN_SELF = YES;
				CLANG_WARN_OBJC_LITERAL_CONVERSION = YES;
				CLANG_WARN_OBJC_ROOT_CLASS = YES_ERROR;
				CLANG_WARN_RANGE_LOOP_ANALYSIS = YES;
				CLANG_WARN_STRICT_PROTOTYPES = YES;
				CLANG_WARN_SUSPICIOUS_MOVE = YES;
				CLANG_WARN_UNGUARDED_AVAILABILITY = YES_AGGRESSIVE;
				CLANG_WARN_UNREACHABLE_CODE = YES;
				CLANG_WARN__DUPLICATE_METHOD_MATCH = YES;
				CODE_SIGN_IDENTITY = "iPhone Developer";
				COPY_PHASE_STRIP = NO;
				DEBUG_INFORMATION_FORMAT = "dwarf-with-dsym";
				ENABLE_NS_ASSERTIONS = NO;
				ENABLE_STRICT_OBJC_MSGSEND = YES;
				GCC_C_LANGUAGE_STANDARD = gnu11;
				GCC_NO_COMMON_BLOCKS = YES;
				GCC_WARN_64_TO_32_BIT_CONVERSION = YES;
				GCC_WARN_ABOUT_RETURN_TYPE = YES_ERROR;
				GCC_WARN_UNDECLARED_SELECTOR = YES;
				GCC_WARN_UNINITIALIZED_AUTOS = YES_AGGRESSIVE;
				GCC_WARN_UNUSED_FUNCTION = YES;
				GCC_WARN_UNUSED_VARIABLE = YES;
				IPHONEOS_DEPLOYMENT_TARGET = 11.4;
				MTL_ENABLE_DEBUG_INFO = NO;
				SDKROOT = iphoneos;
				VALIDATE_PRODUCT = YES;
			};
			name = Release;
		};
		180069C020CE41E300A69A6D /* Debug */ = {
			isa = XCBuildConfiguration;
			baseConfigurationReference = 5DB72670E062AFFA529B36C5 /* Pods-BaiDuMapDemo.debug.xcconfig */;
			buildSettings = {
				ASSETCATALOG_COMPILER_APPICON_NAME = AppIcon;
				CODE_SIGN_STYLE = Automatic;
				DEVELOPMENT_TEAM = 4E7S49PEAW;
				FRAMEWORK_SEARCH_PATHS = (
					"$(inherited)",
					"$(PROJECT_DIR)/Pods/BaiduMapKit/BaiduMapKit",
				);
				GCC_INPUT_FILETYPE = automatic;
				GCC_PRECOMPILE_PREFIX_HEADER = YES;
				GCC_PREFIX_HEADER = "$(SRCROOT)/BaiDuMapDemo/PrefixHeader.pch";
				INFOPLIST_FILE = BaiDuMapDemo/Info.plist;
				IPHONEOS_DEPLOYMENT_TARGET = 10.0;
				LD_RUNPATH_SEARCH_PATHS = (
					"$(inherited)",
					"@executable_path/Frameworks",
				);
				LIBRARY_SEARCH_PATHS = (
					"$(inherited)",
					"$(PROJECT_DIR)/Pods/BaiduMapKit/BaiduMapKit/thirdlibs",
				);
				PRODUCT_BUNDLE_IDENTIFIER = icx.BaiDuMapDemo;
				PRODUCT_NAME = "$(TARGET_NAME)";
				TARGETED_DEVICE_FAMILY = "1,2";
			};
			name = Debug;
		};
		180069C120CE41E300A69A6D /* Release */ = {
			isa = XCBuildConfiguration;
			baseConfigurationReference = 3D47D73287DD6B73A1ED37C9 /* Pods-BaiDuMapDemo.release.xcconfig */;
			buildSettings = {
				ASSETCATALOG_COMPILER_APPICON_NAME = AppIcon;
				CODE_SIGN_STYLE = Automatic;
				DEVELOPMENT_TEAM = 4E7S49PEAW;
				FRAMEWORK_SEARCH_PATHS = (
					"$(inherited)",
					"$(PROJECT_DIR)/Pods/BaiduMapKit/BaiduMapKit",
				);
				GCC_INPUT_FILETYPE = automatic;
				GCC_PRECOMPILE_PREFIX_HEADER = YES;
				GCC_PREFIX_HEADER = "$(SRCROOT)/BaiDuMapDemo/PrefixHeader.pch";
				INFOPLIST_FILE = BaiDuMapDemo/Info.plist;
				IPHONEOS_DEPLOYMENT_TARGET = 10.0;
				LD_RUNPATH_SEARCH_PATHS = (
					"$(inherited)",
					"@executable_path/Frameworks",
				);
				LIBRARY_SEARCH_PATHS = (
					"$(inherited)",
					"$(PROJECT_DIR)/Pods/BaiduMapKit/BaiduMapKit/thirdlibs",
				);
				PRODUCT_BUNDLE_IDENTIFIER = icx.BaiDuMapDemo;
				PRODUCT_NAME = "$(TARGET_NAME)";
				TARGETED_DEVICE_FAMILY = "1,2";
			};
			name = Release;
		};
/* End XCBuildConfiguration section */

/* Begin XCConfigurationList section */
		180069A420CE41E100A69A6D /* Build configuration list for PBXProject "BaiDuMapDemo" */ = {
			isa = XCConfigurationList;
			buildConfigurations = (
				180069BD20CE41E300A69A6D /* Debug */,
				180069BE20CE41E300A69A6D /* Release */,
			);
			defaultConfigurationIsVisible = 0;
			defaultConfigurationName = Release;
		};
		180069BF20CE41E300A69A6D /* Build configuration list for PBXNativeTarget "BaiDuMapDemo" */ = {
			isa = XCConfigurationList;
			buildConfigurations = (
				180069C020CE41E300A69A6D /* Debug */,
				180069C120CE41E300A69A6D /* Release */,
			);
			defaultConfigurationIsVisible = 0;
			defaultConfigurationName = Release;
		};
/* End XCConfigurationList section */
	};
	rootObject = 180069A120CE41E100A69A6D /* Project object */;
}
